
Microsoft Visual Studio Solution File, Format Version 12.00
# Visual Studio 15
VisualStudioVersion = 15.0.27130.2024
MinimumVisualStudioVersion = 10.0.40219.1
Project("{FAE04EC0-301F-11D3-BF4B-00C04F79EFBC}") = "CalculoDiferencial", "CalculoDiferencial\CalculoDiferencial.csproj", "{811DA8C4-6088-4253-B659-7D89AEC4B4D6}"
EndProject
Global
	GlobalSection(SolutionConfigurationPlatforms) = preSolution
		Debug|x86 = Debug|x86
		Release|x86 = Release|x86
	EndGlobalSection
	GlobalSection(ProjectConfigurationPlatforms) = postSolution
		{811DA8C4-6088-4253-B659-7D89AEC4B4D6}.Debug|x86.ActiveCfg = Debug|x86
		{811DA8C4-6088-4253-B659-7D89AEC4B4D6}.Debug|x86.Build.0 = Debug|x86
		{811DA8C4-6088-4253-B659-7D89AEC4B4D6}.Release|x86.ActiveCfg = Release|x86
		{811DA8C4-6088-4253-B659-7D89AEC4B4D6}.Release|x86.Build.0 = Release|x86
	EndGlobalSection
	GlobalSection(SolutionProperties) = preSolution
		HideSolutionNode = FALSE
	EndGlobalSection
	GlobalSection(ExtensibilityGlobals) = postSolution
		SolutionGuid = {C33B878F-980F-4819-BD57-B5E06675CC98}
	EndGlobalSection
EndGlobal
